
Microsoft Visual Studio Solution File, Format Version 12.00
# Visual Studio Version 17
VisualStudioVersion = 17.14.36414.22 d17.14
MinimumVisualStudioVersion = 10.0.40219.1
Project("{FAE04EC0-301F-11D3-BF4B-00C04F79EFBC}") = "DbTableEditor", "DbTableEditor\DbTableEditor.csproj", "{79D8BFD5-8959-47DD-8636-645EB0F25FAE}"
EndProject
Global
	GlobalSection(SolutionConfigurationPlatforms) = preSolution
		Debug|Any CPU = Debug|Any CPU
		Release|Any CPU = Release|Any CPU
	EndGlobalSection
	GlobalSection(ProjectConfigurationPlatforms) = postSolution
		{79D8BFD5-8959-47DD-8636-645EB0F25FAE}.Debug|Any CPU.ActiveCfg = Debug|Any CPU
		{79D8BFD5-8959-47DD-8636-645EB0F25FAE}.Debug|Any CPU.Build.0 = Debug|Any CPU
		{79D8BFD5-8959-47DD-8636-645EB0F25FAE}.Release|Any CPU.ActiveCfg = Release|Any CPU
		{79D8BFD5-8959-47DD-8636-645EB0F25FAE}.Release|Any CPU.Build.0 = Release|Any CPU
	EndGlobalSection
	GlobalSection(SolutionProperties) = preSolution
		HideSolutionNode = FALSE
	EndGlobalSection
	GlobalSection(ExtensibilityGlobals) = postSolution
		SolutionGuid = {1A37BE95-1D95-462D-937F-7332A67D787A}
	EndGlobalSection
EndGlobal
